
Microsoft Visual Studio Solution File, Format Version 12.00
# Visual Studio 15
VisualStudioVersion = 15.0.27130.2024
MinimumVisualStudioVersion = 10.0.40219.1
Project("{FAE04EC0-301F-11D3-BF4B-00C04F79EFBC}") = "BankClient", "BankProject\BankClient.csproj", "{A3F379DD-9824-475E-A30F-5E9A74160B8C}"
EndProject
Project("{FAE04EC0-301F-11D3-BF4B-00C04F79EFBC}") = "BankServer", "BankServer\BankServer.csproj", "{6822034D-7A5B-4E21-BF50-07B3290C170C}"
EndProject
Global
	GlobalSection(SolutionConfigurationPlatforms) = preSolution
		Debug|Any CPU = Debug|Any CPU
		Release|Any CPU = Release|Any CPU
	EndGlobalSection
	GlobalSection(ProjectConfigurationPlatforms) = postSolution
		{A3F379DD-9824-475E-A30F-5E9A74160B8C}.Debug|Any CPU.ActiveCfg = Debug|Any CPU
		{A3F379DD-9824-475E-A30F-5E9A74160B8C}.Debug|Any CPU.Build.0 = Debug|Any CPU
		{A3F379DD-9824-475E-A30F-5E9A74160B8C}.Release|Any CPU.ActiveCfg = Release|Any CPU
		{A3F379DD-9824-475E-A30F-5E9A74160B8C}.Release|Any CPU.Build.0 = Release|Any CPU
		{6822034D-7A5B-4E21-BF50-07B3290C170C}.Debug|Any CPU.ActiveCfg = Debug|Any CPU
		{6822034D-7A5B-4E21-BF50-07B3290C170C}.Debug|Any CPU.Build.0 = Debug|Any CPU
		{6822034D-7A5B-4E21-BF50-07B3290C170C}.Release|Any CPU.ActiveCfg = Release|Any CPU
		{6822034D-7A5B-4E21-BF50-07B3290C170C}.Release|Any CPU.Build.0 = Release|Any CPU
	EndGlobalSection
	GlobalSection(SolutionProperties) = preSolution
		HideSolutionNode = FALSE
	EndGlobalSection
	GlobalSection(ExtensibilityGlobals) = postSolution
		SolutionGuid = {507F1363-88BD-4D69-86D8-5C20065034D3}
	EndGlobalSection
EndGlobal
